// !$*UTF8*$!
{
	archiveVersion = 1;
	classes = {
	};
	objectVersion = 56;
	objects = {

/* Begin PBXBuildFile section */
		41ACAF5C2C467AF70002E119 /* AppDelegate.swift in Sources */ = {isa = PBXBuildFile; fileRef = 41ACAF5B2C467AF70002E119 /* AppDelegate.swift */; };
		41ACAF602C467AF70002E119 /* ViewController.swift in Sources */ = {isa = PBXBuildFile; fileRef = 41ACAF5F2C467AF70002E119 /* ViewController.swift */; };
		41ACAF652C467AF80002E119 /* Assets.xcassets in Resources */ = {isa = PBXBuildFile; fileRef = 41ACAF642C467AF80002E119 /* Assets.xcassets */; };
		41ACAF682C467AF80002E119 /* Base in Resources */ = {isa = PBXBuildFile; fileRef = 41ACAF672C467AF80002E119 /* Base */; };
		41ACAF732C467AF80002E119 /* WeatherCollectionTests.swift in Sources */ = {isa = PBXBuildFile; fileRef = 41ACAF722C467AF80002E119 /* WeatherCollectionTests.swift */; };
		41ACAF7D2C467AF80002E119 /* WeatherCollectionUITests.swift in Sources */ = {isa = PBXBuildFile; fileRef = 41ACAF7C2C467AF80002E119 /* WeatherCollectionUITests.swift */; };
		41ACAF7F2C467AF80002E119 /* WeatherCollectionUITestsLaunchTests.swift in Sources */ = {isa = PBXBuildFile; fileRef = 41ACAF7E2C467AF80002E119 /* WeatherCollectionUITestsLaunchTests.swift */; };
/* End PBXBuildFile section */

/* Begin PBXContainerItemProxy section */
		41ACAF6F2C467AF80002E119 /* PBXContainerItemProxy */ = {
			isa = PBXContainerItemProxy;
			containerPortal = 41ACAF502C467AF70002E119 /* Project object */;
			proxyType = 1;
			remoteGlobalIDString = 41ACAF572C467AF70002E119;
			remoteInfo = WeatherCollection;
		};
		41ACAF792C467AF80002E119 /* PBXContainerItemProxy */ = {
			isa = PBXContainerItemProxy;
			containerPortal = 41ACAF502C467AF70002E119 /* Project object */;
			proxyType = 1;
			remoteGlobalIDString = 41ACAF572C467AF70002E119;
			remoteInfo = WeatherCollection;
		};
/* End PBXContainerItemProxy section */

/* Begin PBXFileReference section */
		41ACAF582C467AF70002E119 /* WeatherCollection.app */ = {isa = PBXFileReference; explicitFileType = wrapper.application; includeInIndex = 0; path = WeatherCollection.app; sourceTree = BUILT_PRODUCTS_DIR; };
		41ACAF5B2C467AF70002E119 /* AppDelegate.swift */ = {isa = PBXFileReference; lastKnownFileType = sourcecode.swift; path = AppDelegate.swift; sourceTree = "<group>"; };
		41ACAF5F2C467AF70002E119 /* ViewController.swift */ = {isa = PBXFileReference; lastKnownFileType = sourcecode.swift; path = ViewController.swift; sourceTree = "<group>"; };
		41ACAF642C467AF80002E119 /* Assets.xcassets */ = {isa = PBXFileReference; lastKnownFileType = folder.assetcatalog; path = Assets.xcassets; sourceTree = "<group>"; };
		41ACAF672C467AF80002E119 /* Base */ = {isa = PBXFileReference; lastKnownFileType = file.storyboard; name = Base; path = Base.lproj/LaunchScreen.storyboard; sourceTree = "<group>"; };
		41ACAF692C467AF80002E119 /* Info.plist */ = {isa = PBXFileReference; lastKnownFileType = text.plist.xml; path = Info.plist; sourceTree = "<group>"; };
		41ACAF6E2C467AF80002E119 /* WeatherCollectionTests.xctest */ = {isa = PBXFileReference; explicitFileType = wrapper.cfbundle; includeInIndex = 0; path = WeatherCollectionTests.xctest; sourceTree = BUILT_PRODUCTS_DIR; };
		41ACAF722C467AF80002E119 /* WeatherCollectionTests.swift */ = {isa = PBXFileReference; lastKnownFileType = sourcecode.swift; path = WeatherCollectionTests.swift; sourceTree = "<group>"; };
		41ACAF782C467AF80002E119 /* WeatherCollectionUITests.xctest */ = {isa = PBXFileReference; explicitFileType = wrapper.cfbundle; includeInIndex = 0; path = WeatherCollectionUITests.xctest; sourceTree = BUILT_PRODUCTS_DIR; };
		41ACAF7C2C467AF80002E119 /* WeatherCollectionUITests.swift */ = {isa = PBXFileReference; lastKnownFileType = sourcecode.swift; path = WeatherCollectionUITests.swift; sourceTree = "<group>"; };
		41ACAF7E2C467AF80002E119 /* WeatherCollectionUITestsLaunchTests.swift */ = {isa = PBXFileReference; lastKnownFileType = sourcecode.swift; path = WeatherCollectionUITestsLaunchTests.swift; sourceTree = "<group>"; };
/* End PBXFileReference section */

/* Begin PBXFrameworksBuildPhase section */
		41ACAF552C467AF70002E119 /* Frameworks */ = {
			isa = PBXFrameworksBuildPhase;
			buildActionMask = 2147483647;
			files = (
			);
			runOnlyForDeploymentPostprocessing = 0;
		};
		41ACAF6B2C467AF80002E119 /* Frameworks */ = {
			isa = PBXFrameworksBuildPhase;
			buildActionMask = 2147483647;
			files = (
			);
			runOnlyForDeploymentPostprocessing = 0;
		};
		41ACAF752C467AF80002E119 /* Frameworks */ = {
			isa = PBXFrameworksBuildPhase;
			buildActionMask = 2147483647;
			files = (
			);
			runOnlyForDeploymentPostprocessing = 0;
		};
/* End PBXFrameworksBuildPhase section */

/* Begin PBXGroup section */
		41ACAF4F2C467AF70002E119 = {
			isa = PBXGroup;
			children = (
				41ACAF5A2C467AF70002E119 /* WeatherCollection */,
				41ACAF712C467AF80002E119 /* WeatherCollectionTests */,
				41ACAF7B2C467AF80002E119 /* WeatherCollectionUITests */,
				41ACAF592C467AF70002E119 /* Products */,
			);
			sourceTree = "<group>";
		};
		41ACAF592C467AF70002E119 /* Products */ = {
			isa = PBXGroup;
			children = (
				41ACAF582C467AF70002E119 /* WeatherCollection.app */,
				41ACAF6E2C467AF80002E119 /* WeatherCollectionTests.xctest */,
				41ACAF782C467AF80002E119 /* WeatherCollectionUITests.xctest */,
			);
			name = Products;
			sourceTree = "<group>";
		};
		41ACAF5A2C467AF70002E119 /* WeatherCollection */ = {
			isa = PBXGroup;
			children = (
				41ACAF5B2C467AF70002E119 /* AppDelegate.swift */,
				41ACAF5F2C467AF70002E119 /* ViewController.swift */,
				41ACAF642C467AF80002E119 /* Assets.xcassets */,
				41ACAF662C467AF80002E119 /* LaunchScreen.storyboard */,
				41ACAF692C467AF80002E119 /* Info.plist */,
			);
			path = WeatherCollection;
			sourceTree = "<group>";
		};
		41ACAF712C467AF80002E119 /* WeatherCollectionTests */ = {
			isa = PBXGroup;
			children = (
				41ACAF722C467AF80002E119 /* WeatherCollectionTests.swift */,
			);
			path = WeatherCollectionTests;
			sourceTree = "<group>";
		};
		41ACAF7B2C467AF80002E119 /* WeatherCollectionUITests */ = {
			isa = PBXGroup;
			children = (
				41ACAF7C2C467AF80002E119 /* WeatherCollectionUITests.swift */,
				41ACAF7E2C467AF80002E119 /* WeatherCollectionUITestsLaunchTests.swift */,
			);
			path = WeatherCollectionUITests;
			sourceTree = "<group>";
		};
/* End PBXGroup section */

/* Begin PBXNativeTarget section */
		41ACAF572C467AF70002E119 /* WeatherCollection */ = {
			isa = PBXNativeTarget;
			buildConfigurationList = 41ACAF822C467AF80002E119 /* Build configuration list for PBXNativeTarget "WeatherCollection" */;
			buildPhases = (
				41ACAF542C467AF70002E119 /* Sources */,
				41ACAF552C467AF70002E119 /* Frameworks */,
				41ACAF562C467AF70002E119 /* Resources */,
			);
			buildRules = (
			);
			dependencies = (
			);
			name = WeatherCollection;
			productName = WeatherCollection;
			productReference = 41ACAF582C467AF70002E119 /* WeatherCollection.app */;
			productType = "com.apple.product-type.application";
		};
		41ACAF6D2C467AF80002E119 /* WeatherCollectionTests */ = {
			isa = PBXNativeTarget;
			buildConfigurationList = 41ACAF852C467AF80002E119 /* Build configuration list for PBXNativeTarget "WeatherCollectionTests" */;
			buildPhases = (
				41ACAF6A2C467AF80002E119 /* Sources */,
				41ACAF6B2C467AF80002E119 /* Frameworks */,
				41ACAF6C2C467AF80002E119 /* Resources */,
			);
			buildRules = (
			);
			dependencies = (
				41ACAF702C467AF80002E119 /* PBXTargetDependency */,
			);
			name = WeatherCollectionTests;
			productName = WeatherCollectionTests;
			productReference = 41ACAF6E2C467AF80002E119 /* WeatherCollectionTests.xctest */;
			productType = "com.apple.product-type.bundle.unit-test";
		};
		41ACAF772C467AF80002E119 /* WeatherCollectionUITests */ = {
			isa = PBXNativeTarget;
			buildConfigurationList = 41ACAF882C467AF80002E119 /* Build configuration list for PBXNativeTarget "WeatherCollectionUITests" */;
			buildPhases = (
				41ACAF742C467AF80002E119 /* Sources */,
				41ACAF752C467AF80002E119 /* Frameworks */,
				41ACAF762C467AF80002E119 /* Resources */,
			);
			buildRules = (
			);
			dependencies = (
				41ACAF7A2C467AF80002E119 /* PBXTargetDependency */,
			);
			name = WeatherCollectionUITests;
			productName = WeatherCollectionUITests;
			productReference = 41ACAF782C467AF80002E119 /* WeatherCollectionUITests.xctest */;
			productType = "com.apple.product-type.bundle.ui-testing";
		};
/* End PBXNativeTarget section */

/* Begin PBXProject section */
		41ACAF502C467AF70002E119 /* Project object */ = {
			isa = PBXProject;
			attributes = {
				BuildIndependentTargetsInParallel = 1;
				LastSwiftUpdateCheck = 1540;
				LastUpgradeCheck = 1540;
				TargetAttributes = {
					41ACAF572C467AF70002E119 = {
						CreatedOnToolsVersion = 15.4;
					};
					41ACAF6D2C467AF80002E119 = {
						CreatedOnToolsVersion = 15.4;
						TestTargetID = 41ACAF572C467AF70002E119;
					};
					41ACAF772C467AF80002E119 = {
						CreatedOnToolsVersion = 15.4;
						TestTargetID = 41ACAF572C467AF70002E119;
					};
				};
			};
			buildConfigurationList = 41ACAF532C467AF70002E119 /* Build configuration list for PBXProject "WeatherCollection" */;
			compatibilityVersion = "Xcode 14.0";
			developmentRegion = en;
			hasScannedForEncodings = 0;
			knownRegions = (
				en,
				Base,
			);
			mainGroup = 41ACAF4F2C467AF70002E119;
			productRefGroup = 41ACAF592C467AF70002E119 /* Products */;
			projectDirPath = "";
			projectRoot = "";
			targets = (
				41ACAF572C467AF70002E119 /* WeatherCollection */,
				41ACAF6D2C467AF80002E119 /* WeatherCollectionTests */,
				41ACAF772C467AF80002E119 /* WeatherCollectionUITests */,
			);
		};
/* End PBXProject section */

/* Begin PBXResourcesBuildPhase section */
		41ACAF562C467AF70002E119 /* Resources */ = {
			isa = PBXResourcesBuildPhase;
			buildActionMask = 2147483647;
			files = (
				41ACAF652C467AF80002E119 /* Assets.xcassets in Resources */,
				41ACAF682C467AF80002E119 /* Base in Resources */,
			);
			runOnlyForDeploymentPostprocessing = 0;
		};
		41ACAF6C2C467AF80002E119 /* Resources */ = {
			isa = PBXResourcesBuildPhase;
			buildActionMask = 2147483647;
			files = (
			);
			runOnlyForDeploymentPostprocessing = 0;
		};
		41ACAF762C467AF80002E119 /* Resources */ = {
			isa = PBXResourcesBuildPhase;
			buildActionMask = 2147483647;
			files = (
			);
			runOnlyForDeploymentPostprocessing = 0;
		};
/* End PBXResourcesBuildPhase section */

/* Begin PBXSourcesBuildPhase section */
		41ACAF542C467AF70002E119 /* Sources */ = {
			isa = PBXSourcesBuildPhase;
			buildActionMask = 2147483647;
			files = (
				41ACAF602C467AF70002E119 /* ViewController.swift in Sources */,
				41ACAF5C2C467AF70002E119 /* AppDelegate.swift in Sources */,
			);
			runOnlyForDeploymentPostprocessing = 0;
		};
		41ACAF6A2C467AF80002E119 /* Sources */ = {
			isa = PBXSourcesBuildPhase;
			buildActionMask = 2147483647;
			files = (
				41ACAF732C467AF80002E119 /* WeatherCollectionTests.swift in Sources */,
			);
			runOnlyForDeploymentPostprocessing = 0;
		};
		41ACAF742C467AF80002E119 /* Sources */ = {
			isa = PBXSourcesBuildPhase;
			buildActionMask = 2147483647;
			files = (
				41ACAF7D2C467AF80002E119 /* WeatherCollectionUITests.swift in Sources */,
				41ACAF7F2C467AF80002E119 /* WeatherCollectionUITestsLaunchTests.swift in Sources */,
			);
			runOnlyForDeploymentPostprocessing = 0;
		};
/* End PBXSourcesBuildPhase section */

/* Begin PBXTargetDependency section */
		41ACAF702C467AF80002E119 /* PBXTargetDependency */ = {
			isa = PBXTargetDependency;
			target = 41ACAF572C467AF70002E119 /* WeatherCollection */;
			targetProxy = 41ACAF6F2C467AF80002E119 /* PBXContainerItemProxy */;
		};
		41ACAF7A2C467AF80002E119 /* PBXTargetDependency */ = {
			isa = PBXTargetDependency;
			target = 41ACAF572C467AF70002E119 /* WeatherCollection */;
			targetProxy = 41ACAF792C467AF80002E119 /* PBXContainerItemProxy */;
		};
/* End PBXTargetDependency section */

/* Begin PBXVariantGroup section */
		41ACAF662C467AF80002E119 /* LaunchScreen.storyboard */ = {
			isa = PBXVariantGroup;
			children = (
				41ACAF672C467AF80002E119 /* Base */,
			);
			name = LaunchScreen.storyboard;
			sourceTree = "<group>";
		};
/* End PBXVariantGroup section */

/* Begin XCBuildConfiguration section */
		41ACAF802C467AF80002E119 /* Debug */ = {
			isa = XCBuildConfiguration;
			buildSettings = {
				ALWAYS_SEARCH_USER_PATHS = NO;
				ASSETCATALOG_COMPILER_GENERATE_SWIFT_ASSET_SYMBOL_EXTENSIONS = YES;
				CLANG_ANALYZER_NONNULL = YES;
				CLANG_ANALYZER_NUMBER_OBJECT_CONVERSION = YES_AGGRESSIVE;
				CLANG_CXX_LANGUAGE_STANDARD = "gnu++20";
				CLANG_ENABLE_MODULES = YES;
				CLANG_ENABLE_OBJC_ARC = YES;
				CLANG_ENABLE_OBJC_WEAK = YES;
				CLANG_WARN_BLOCK_CAPTURE_AUTORELEASING = YES;
				CLANG_WARN_BOOL_CONVERSION = YES;
				CLANG_WARN_COMMA = YES;
				CLANG_WARN_CONSTANT_CONVERSION = YES;
				CLANG_WARN_DEPRECATED_OBJC_IMPLEMENTATIONS = YES;
				CLANG_WARN_DIRECT_OBJC_ISA_USAGE = YES_ERROR;
				CLANG_WARN_DOCUMENTATION_COMMENTS = YES;
				CLANG_WARN_EMPTY_BODY = YES;
				CLANG_WARN_ENUM_CONVERSION = YES;
				CLANG_WARN_INFINITE_RECURSION = YES;
				CLANG_WARN_INT_CONVERSION = YES;
				CLANG_WARN_NON_LITERAL_NULL_CONVERSION = YES;
				CLANG_WARN_OBJC_IMPLICIT_RETAIN_SELF = YES;
				CLANG_WARN_OBJC_LITERAL_CONVERSION = YES;
				CLANG_WARN_OBJC_ROOT_CLASS = YES_ERROR;
				CLANG_WARN_QUOTED_INCLUDE_IN_FRAMEWORK_HEADER = YES;
				CLANG_WARN_RANGE_LOOP_ANALYSIS = YES;
				CLANG_WARN_STRICT_PROTOTYPES = YES;
				CLANG_WARN_SUSPICIOUS_MOVE = YES;
				CLANG_WARN_UNGUARDED_AVAILABILITY = YES_AGGRESSIVE;
				CLANG_WARN_UNREACHABLE_CODE = YES;
				CLANG_WARN__DUPLICATE_METHOD_MATCH = YES;
				COPY_PHASE_STRIP = NO;
				DEBUG_INFORMATION_FORMAT = dwarf;
				ENABLE_STRICT_OBJC_MSGSEND = YES;
				ENABLE_TESTABILITY = YES;
				ENABLE_USER_SCRIPT_SANDBOXING = YES;
				GCC_C_LANGUAGE_STANDARD = gnu17;
				GCC_DYNAMIC_NO_PIC = NO;
				GCC_NO_COMMON_BLOCKS = YES;
				GCC_OPTIMIZATION_LEVEL = 0;
				GCC_PREPROCESSOR_DEFINITIONS = (
					"DEBUG=1",
					"$(inherited)",
				);
				GCC_WARN_64_TO_32_BIT_CONVERSION = YES;
				GCC_WARN_ABOUT_RETURN_TYPE = YES_ERROR;
				GCC_WARN_UNDECLARED_SELECTOR = YES;
				GCC_WARN_UNINITIALIZED_AUTOS = YES_AGGRESSIVE;
				GCC_WARN_UNUSED_FUNCTION = YES;
				GCC_WARN_UNUSED_VARIABLE = YES;
				IPHONEOS_DEPLOYMENT_TARGET = 14.7;
				LOCALIZATION_PREFERS_STRING_CATALOGS = YES;
				MTL_ENABLE_DEBUG_INFO = INCLUDE_SOURCE;
				MTL_FAST_MATH = YES;
				ONLY_ACTIVE_ARCH = YES;
				SDKROOT = iphoneos;
				SWIFT_ACTIVE_COMPILATION_CONDITIONS = "DEBUG $(inherited)";
				SWIFT_OPTIMIZATION_LEVEL = "-Onone";
			};
			name = Debug;
		};
		41ACAF812C467AF80002E119 /* Release */ = {
			isa = XCBuildConfiguration;
			buildSettings = {
				ALWAYS_SEARCH_USER_PATHS = NO;
				ASSETCATALOG_COMPILER_GENERATE_SWIFT_ASSET_SYMBOL_EXTENSIONS = YES;
				CLANG_ANALYZER_NONNULL = YES;
				CLANG_ANALYZER_NUMBER_OBJECT_CONVERSION = YES_AGGRESSIVE;
				CLANG_CXX_LANGUAGE_STANDARD = "gnu++20";
				CLANG_ENABLE_MODULES = YES;
				CLANG_ENABLE_OBJC_ARC = YES;
				CLANG_ENABLE_OBJC_WEAK = YES;
				CLANG_WARN_BLOCK_CAPTURE_AUTORELEASING = YES;
				CLANG_WARN_BOOL_CONVERSION = YES;
				CLANG_WARN_COMMA = YES;
				CLANG_WARN_CONSTANT_CONVERSION = YES;
				CLANG_WARN_DEPRECATED_OBJC_IMPLEMENTATIONS = YES;
				CLANG_WARN_DIRECT_OBJC_ISA_USAGE = YES_ERROR;
				CLANG_WARN_DOCUMENTATION_COMMENTS = YES;
				CLANG_WARN_EMPTY_BODY = YES;
				CLANG_WARN_ENUM_CONVERSION = YES;
				CLANG_WARN_INFINITE_RECURSION = YES;
				CLANG_WARN_INT_CONVERSION = YES;
				CLANG_WARN_NON_LITERAL_NULL_CONVERSION = YES;
				CLANG_WARN_OBJC_IMPLICIT_RETAIN_SELF = YES;
				CLANG_WARN_OBJC_LITERAL_CONVERSION = YES;
				CLANG_WARN_OBJC_ROOT_CLASS = YES_ERROR;
				CLANG_WARN_QUOTED_INCLUDE_IN_FRAMEWORK_HEADER = YES;
				CLANG_WARN_RANGE_LOOP_ANALYSIS = YES;
				CLANG_WARN_STRICT_PROTOTYPES = YES;
				CLANG_WARN_SUSPICIOUS_MOVE = YES;
				CLANG_WARN_UNGUARDED_AVAILABILITY = YES_AGGRESSIVE;
				CLANG_WARN_UNREACHABLE_CODE = YES;
				CLANG_WARN__DUPLICATE_METHOD_MATCH = YES;
				COPY_PHASE_STRIP = NO;
				DEBUG_INFORMATION_FORMAT = "dwarf-with-dsym";
				ENABLE_NS_ASSERTIONS = NO;
				ENABLE_STRICT_OBJC_MSGSEND = YES;
				ENABLE_USER_SCRIPT_SANDBOXING = YES;
				GCC_C_LANGUAGE_STANDARD = gnu17;
				GCC_NO_COMMON_BLOCKS = YES;
				GCC_WARN_64_TO_32_BIT_CONVERSION = YES;
				GCC_WARN_ABOUT_RETURN_TYPE = YES_ERROR;
				GCC_WARN_UNDECLARED_SELECTOR = YES;
				GCC_WARN_UNINITIALIZED_AUTOS = YES_AGGRESSIVE;
				GCC_WARN_UNUSED_FUNCTION = YES;
				GCC_WARN_UNUSED_VARIABLE = YES;
				IPHONEOS_DEPLOYMENT_TARGET = 14.7;
				LOCALIZATION_PREFERS_STRING_CATALOGS = YES;
				MTL_ENABLE_DEBUG_INFO = NO;
				MTL_FAST_MATH = YES;
				SDKROOT = iphoneos;
				SWIFT_COMPILATION_MODE = wholemodule;
				VALIDATE_PRODUCT = YES;
			};
			name = Release;
		};
		41ACAF832C467AF80002E119 /* Debug */ = {
			isa = XCBuildConfiguration;
			buildSettings = {
				ASSETCATALOG_COMPILER_APPICON_NAME = AppIcon;
				ASSETCATALOG_COMPILER_GLOBAL_ACCENT_COLOR_NAME = AccentColor;
				CODE_SIGN_STYLE = Automatic;
				CURRENT_PROJECT_VERSION = 1;
				DEVELOPMENT_TEAM = CQNTWDSGK9;
				GENERATE_INFOPLIST_FILE = YES;
				INFOPLIST_FILE = WeatherCollection/Info.plist;
				INFOPLIST_KEY_UIApplicationSupportsIndirectInputEvents = YES;
				INFOPLIST_KEY_UILaunchStoryboardName = LaunchScreen;
				INFOPLIST_KEY_UISupportedInterfaceOrientations = UIInterfaceOrientationPortrait;
				IPHONEOS_DEPLOYMENT_TARGET = 14.7;
				LD_RUNPATH_SEARCH_PATHS = (
					"$(inherited)",
					"@executable_path/Frameworks",
				);
				MARKETING_VERSION = 1.0;
				PRODUCT_BUNDLE_IDENTIFIER = com.wonsarc.WeatherCollection;
				PRODUCT_NAME = "$(TARGET_NAME)";
				SUPPORTED_PLATFORMS = "iphoneos iphonesimulator";
				SUPPORTS_MACCATALYST = NO;
				SUPPORTS_MAC_DESIGNED_FOR_IPHONE_IPAD = NO;
				SUPPORTS_XR_DESIGNED_FOR_IPHONE_IPAD = NO;
				SWIFT_EMIT_LOC_STRINGS = YES;
				SWIFT_VERSION = 5.0;
				TARGETED_DEVICE_FAMILY = 1;
			};
			name = Debug;
		};
		41ACAF842C467AF80002E119 /* Release */ = {
			isa = XCBuildConfiguration;
			buildSettings = {
				ASSETCATALOG_COMPILER_APPICON_NAME = AppIcon;
				ASSETCATALOG_COMPILER_GLOBAL_ACCENT_COLOR_NAME = AccentColor;
				CODE_SIGN_STYLE = Automatic;
				CURRENT_PROJECT_VERSION = 1;
				DEVELOPMENT_TEAM = CQNTWDSGK9;
				GENERATE_INFOPLIST_FILE = YES;
				INFOPLIST_FILE = WeatherCollection/Info.plist;
				INFOPLIST_KEY_UIApplicationSupportsIndirectInputEvents = YES;
				INFOPLIST_KEY_UILaunchStoryboardName = LaunchScreen;
				INFOPLIST_KEY_UISupportedInterfaceOrientations = UIInterfaceOrientationPortrait;
				IPHONEOS_DEPLOYMENT_TARGET = 14.7;
				LD_RUNPATH_SEARCH_PATHS = (
					"$(inherited)",
					"@executable_path/Frameworks",
				);
				MARKETING_VERSION = 1.0;
				PRODUCT_BUNDLE_IDENTIFIER = com.wonsarc.WeatherCollection;
				PRODUCT_NAME = "$(TARGET_NAME)";
				SUPPORTED_PLATFORMS = "iphoneos iphonesimulator";
				SUPPORTS_MACCATALYST = NO;
				SUPPORTS_MAC_DESIGNED_FOR_IPHONE_IPAD = NO;
				SUPPORTS_XR_DESIGNED_FOR_IPHONE_IPAD = NO;
				SWIFT_EMIT_LOC_STRINGS = YES;
				SWIFT_VERSION = 5.0;
				TARGETED_DEVICE_FAMILY = 1;
			};
			name = Release;
		};
		41ACAF862C467AF80002E119 /* Debug */ = {
			isa = XCBuildConfiguration;
			buildSettings = {
				ALWAYS_EMBED_SWIFT_STANDARD_LIBRARIES = YES;
				BUNDLE_LOADER = "$(TEST_HOST)";
				CODE_SIGN_STYLE = Automatic;
				CURRENT_PROJECT_VERSION = 1;
				DEVELOPMENT_TEAM = CQNTWDSGK9;
				GENERATE_INFOPLIST_FILE = YES;
				IPHONEOS_DEPLOYMENT_TARGET = 17.5;
				MARKETING_VERSION = 1.0;
				PRODUCT_BUNDLE_IDENTIFIER = com.wonsarc.WeatherCollectionTests;
				PRODUCT_NAME = "$(TARGET_NAME)";
				SWIFT_EMIT_LOC_STRINGS = NO;
				SWIFT_VERSION = 5.0;
				TARGETED_DEVICE_FAMILY = "1,2";
				TEST_HOST = "$(BUILT_PRODUCTS_DIR)/WeatherCollection.app/$(BUNDLE_EXECUTABLE_FOLDER_PATH)/WeatherCollection";
			};
			name = Debug;
		};
		41ACAF872C467AF80002E119 /* Release */ = {
			isa = XCBuildConfiguration;
			buildSettings = {
				ALWAYS_EMBED_SWIFT_STANDARD_LIBRARIES = YES;
				BUNDLE_LOADER = "$(TEST_HOST)";
				CODE_SIGN_STYLE = Automatic;
				CURRENT_PROJECT_VERSION = 1;
				DEVELOPMENT_TEAM = CQNTWDSGK9;
				GENERATE_INFOPLIST_FILE = YES;
				IPHONEOS_DEPLOYMENT_TARGET = 17.5;
				MARKETING_VERSION = 1.0;
				PRODUCT_BUNDLE_IDENTIFIER = com.wonsarc.WeatherCollectionTests;
				PRODUCT_NAME = "$(TARGET_NAME)";
				SWIFT_EMIT_LOC_STRINGS = NO;
				SWIFT_VERSION = 5.0;
				TARGETED_DEVICE_FAMILY = "1,2";
				TEST_HOST = "$(BUILT_PRODUCTS_DIR)/WeatherCollection.app/$(BUNDLE_EXECUTABLE_FOLDER_PATH)/WeatherCollection";
			};
			name = Release;
		};
		41ACAF892C467AF80002E119 /* Debug */ = {
			isa = XCBuildConfiguration;
			buildSettings = {
				ALWAYS_EMBED_SWIFT_STANDARD_LIBRARIES = YES;
				CODE_SIGN_STYLE = Automatic;
				CURRENT_PROJECT_VERSION = 1;
				DEVELOPMENT_TEAM = CQNTWDSGK9;
				GENERATE_INFOPLIST_FILE = YES;
				MARKETING_VERSION = 1.0;
				PRODUCT_BUNDLE_IDENTIFIER = com.wonsarc.WeatherCollectionUITests;
				PRODUCT_NAME = "$(TARGET_NAME)";
				SWIFT_EMIT_LOC_STRINGS = NO;
				SWIFT_VERSION = 5.0;
				TARGETED_DEVICE_FAMILY = "1,2";
				TEST_TARGET_NAME = WeatherCollection;
			};
			name = Debug;
		};
		41ACAF8A2C467AF80002E119 /* Release */ = {
			isa = XCBuildConfiguration;
			buildSettings = {
				ALWAYS_EMBED_SWIFT_STANDARD_LIBRARIES = YES;
				CODE_SIGN_STYLE = Automatic;
				CURRENT_PROJECT_VERSION = 1;
				DEVELOPMENT_TEAM = CQNTWDSGK9;
				GENERATE_INFOPLIST_FILE = YES;
				MARKETING_VERSION = 1.0;
				PRODUCT_BUNDLE_IDENTIFIER = com.wonsarc.WeatherCollectionUITests;
				PRODUCT_NAME = "$(TARGET_NAME)";
				SWIFT_EMIT_LOC_STRINGS = NO;
				SWIFT_VERSION = 5.0;
				TARGETED_DEVICE_FAMILY = "1,2";
				TEST_TARGET_NAME = WeatherCollection;
			};
			name = Release;
		};
/* End XCBuildConfiguration section */

/* Begin XCConfigurationList section */
		41ACAF532C467AF70002E119 /* Build configuration list for PBXProject "WeatherCollection" */ = {
			isa = XCConfigurationList;
			buildConfigurations = (
				41ACAF802C467AF80002E119 /* Debug */,
				41ACAF812C467AF80002E119 /* Release */,
			);
			defaultConfigurationIsVisible = 0;
			defaultConfigurationName = Release;
		};
		41ACAF822C467AF80002E119 /* Build configuration list for PBXNativeTarget "WeatherCollection" */ = {
			isa = XCConfigurationList;
			buildConfigurations = (
				41ACAF832C467AF80002E119 /* Debug */,
				41ACAF842C467AF80002E119 /* Release */,
			);
			defaultConfigurationIsVisible = 0;
			defaultConfigurationName = Release;
		};
		41ACAF852C467AF80002E119 /* Build configuration list for PBXNativeTarget "WeatherCollectionTests" */ = {
			isa = XCConfigurationList;
			buildConfigurations = (
				41ACAF862C467AF80002E119 /* Debug */,
				41ACAF872C467AF80002E119 /* Release */,
			);
			defaultConfigurationIsVisible = 0;
			defaultConfigurationName = Release;
		};
		41ACAF882C467AF80002E119 /* Build configuration list for PBXNativeTarget "WeatherCollectionUITests" */ = {
			isa = XCConfigurationList;
			buildConfigurations = (
				41ACAF892C467AF80002E119 /* Debug */,
				41ACAF8A2C467AF80002E119 /* Release */,
			);
			defaultConfigurationIsVisible = 0;
			defaultConfigurationName = Release;
		};
/* End XCConfigurationList section */
	};
	rootObject = 41ACAF502C467AF70002E119 /* Project object */;
}
